
Microsoft Visual Studio Solution File, Format Version 12.00
# Visual Studio 15
VisualStudioVersion = 15.0.27703.2042
MinimumVisualStudioVersion = 10.0.40219.1
Project("{FAE04EC0-301F-11D3-BF4B-00C04F79EFBC}") = "ArrayEvenNumbers", "ArrayEvenNumbers\ArrayEvenNumbers.csproj", "{67E92068-6946-42D9-A5E9-D7FA76F50F03}"
EndProject
Global
	GlobalSection(SolutionConfigurationPlatforms) = preSolution
		Debug|Any CPU = Debug|Any CPU
		Release|Any CPU = Release|Any CPU
	EndGlobalSection
	GlobalSection(ProjectConfigurationPlatforms) = postSolution
		{67E92068-6946-42D9-A5E9-D7FA76F50F03}.Debug|Any CPU.ActiveCfg = Debug|Any CPU
		{67E92068-6946-42D9-A5E9-D7FA76F50F03}.Debug|Any CPU.Build.0 = Debug|Any CPU
		{67E92068-6946-42D9-A5E9-D7FA76F50F03}.Release|Any CPU.ActiveCfg = Release|Any CPU
		{67E92068-6946-42D9-A5E9-D7FA76F50F03}.Release|Any CPU.Build.0 = Release|Any CPU
	EndGlobalSection
	GlobalSection(SolutionProperties) = preSolution
		HideSolutionNode = FALSE
	EndGlobalSection
	GlobalSection(ExtensibilityGlobals) = postSolution
		SolutionGuid = {EAA366DE-1018-4119-AF51-435696B5A305}
	EndGlobalSection
EndGlobal
